Microsoft Visual Studio Solution File, Format Version 12.00
# Visual Studio Version 18
VisualStudioVersion = 18.0.11222.15
MinimumVisualStudioVersion = 10.0.40219.1
Project("{2150E333-8FDC-42A3-9474-1A3956D46DE8}") = ".github", ".github", "{02EA681E-C7D8-13C7-8484-4AC65E1B71E8}"
EndProject
Project("{2150E333-8FDC-42A3-9474-1A3956D46DE8}") = "workflows", "workflows", "{3929FBF6-EDA1-4CA7-8541-C460D0DCE449}"
	ProjectSection(SolutionItems) = preProject
		.github\workflows\build-release.yml = .github\workflows\build-release.yml
	EndProjectSection
EndProject
Project("{2150E333-8FDC-42A3-9474-1A3956D46DE8}") = ".build", ".build", "{F9B9A5B1-8090-40C2-B46F-F4083B72C8BC}"
	ProjectSection(SolutionItems) = preProject
		Directory.Build.props = Directory.Build.props
		Directory.Packages.props = Directory.Packages.props
		package.json = package.json
	EndProjectSection
EndProject
Project("{FAE04EC0-301F-11D3-BF4B-00C04F79EFBC}") = "Hexalith.KeyValueStorages.Tests", "test\Hexalith.KeyValueStorages.Tests\Hexalith.KeyValueStorages.Tests.csproj", "{A0520529-37CD-4558-8D3C-119DB006D10D}"
EndProject
Project("{2150E333-8FDC-42A3-9474-1A3956D46DE8}") = "src", "src", "{2E1479EA-06ED-4A69-8F50-F17804066FA6}"
	ProjectSection(SolutionItems) = preProject
		src\Directory.Build.props = src\Directory.Build.props
		src\README.md = src\README.md
	EndProjectSection
EndProject
Project("{2150E333-8FDC-42A3-9474-1A3956D46DE8}") = "test", "test", "{EDB74E69-759C-4EC4-911B-DF6D777A6CFA}"
	ProjectSection(SolutionItems) = preProject
		test\README.md = test\README.md
	EndProjectSection
EndProject
Project("{2150E333-8FDC-42A3-9474-1A3956D46DE8}") = ".project", ".project", "{597A1021-74C4-481C-993A-0AC1600514FB}"
	ProjectSection(SolutionItems) = preProject
		.gitignore = .gitignore
		.gitmodules = .gitmodules
		DOCUMENTATION.ai.md = DOCUMENTATION.ai.md
		initialize.ps1 = initialize.ps1
		LICENSE = LICENSE
		README.md = README.md
	EndProjectSection
EndProject
Project("{2150E333-8FDC-42A3-9474-1A3956D46DE8}") = "examples", "examples", "{3E198984-7A1D-4A63-BB49-FCF1B9AA5EF2}"
	ProjectSection(SolutionItems) = preProject
		examples\README.md = examples\README.md
	EndProjectSection
EndProject
Project("{2150E333-8FDC-42A3-9474-1A3956D46DE8}") = "libraries", "libraries", "{7ECDCCA0-1CA1-446A-97EC-310AEEEAF184}"
	ProjectSection(SolutionItems) = preProject
		src\libraries\Directory.Build.props = src\libraries\Directory.Build.props
	EndProjectSection
EndProject
Project("{2150E333-8FDC-42A3-9474-1A3956D46DE8}") = "aspire", "aspire", "{2346D241-A9CB-4C17-A290-4617F2161376}"
EndProject
Project("{FAE04EC0-301F-11D3-BF4B-00C04F79EFBC}") = "Hexalith.KeyValueStorages", "src\libraries\Hexalith.KeyValueStorages\Hexalith.KeyValueStorages.csproj", "{B5068DDD-806E-6AA3-7BC6-9ECEEF9653E3}"
EndProject
Project("{FAE04EC0-301F-11D3-BF4B-00C04F79EFBC}") = "Hexalith.KeyValueStorages.DaprComponents", "src\libraries\Hexalith.KeyValueStorages.DaprComponents\Hexalith.KeyValueStorages.DaprComponents.csproj", "{42083646-84F2-5900-550F-9C7CD4AA6D6D}"
EndProject
Project("{FAE04EC0-301F-11D3-BF4B-00C04F79EFBC}") = "Hexalith.KeyValueStorages.Abstractions", "src\libraries\Hexalith.KeyValueStorages.Abstractions\Hexalith.KeyValueStorages.Abstractions.csproj", "{ED6F014F-E6B0-2E23-BB97-30B44F0519C6}"
EndProject
Project("{FAE04EC0-301F-11D3-BF4B-00C04F79EFBC}") = "Hexalith.KeyValueStorages.Files", "src\libraries\Hexalith.KeyValueStorages.Files\Hexalith.KeyValueStorages.Files.csproj", "{8936A432-2C7C-7D6F-CE9D-4376B05DB831}"
EndProject
Project("{FAE04EC0-301F-11D3-BF4B-00C04F79EFBC}") = "Hexalith.KeyValueStorages.JsonExample", "src\examples\Hexalith.KeyValueStorages.JsonExample\Hexalith.KeyValueStorages.JsonExample.csproj", "{4F78D044-435A-C7C2-7F8D-3EB0781E5D04}"
EndProject
Project("{2150E333-8FDC-42A3-9474-1A3956D46DE8}") = "Github", "Github", "{EAFFAC48-00E0-46B3-BAD8-8BB859194988}"
EndProject
Project("{2150E333-8FDC-42A3-9474-1A3956D46DE8}") = "package-release", "package-release", "{2F050AE5-92C2-4683-9470-9FE6AE592D76}"
	ProjectSection(SolutionItems) = preProject
		Hexalith.Builds\Github\package-release\action.yml = Hexalith.Builds\Github\package-release\action.yml
		Hexalith.Builds\Github\package-release\README.md = Hexalith.Builds\Github\package-release\README.md
	EndProjectSection
EndProject
Project("{2150E333-8FDC-42A3-9474-1A3956D46DE8}") = "build-packages", "build-packages", "{348B0ECC-4BE8-470B-9779-978FD5D1F1B6}"
	ProjectSection(SolutionItems) = preProject
		Hexalith.Builds\Github\build-packages\action.yml = Hexalith.Builds\Github\build-packages\action.yml
		Hexalith.Builds\Github\build-packages\README.md = Hexalith.Builds\Github\build-packages\README.md
	EndProjectSection
EndProject
Project("{2150E333-8FDC-42A3-9474-1A3956D46DE8}") = "publish-packages", "publish-packages", "{1AC3106A-A110-41AF-B850-82B34839B43A}"
	ProjectSection(SolutionItems) = preProject
		Hexalith.Builds\Github\publish-packages\action.yml = Hexalith.Builds\Github\publish-packages\action.yml
		Hexalith.Builds\Github\publish-packages\README.md = Hexalith.Builds\Github\publish-packages\README.md
	EndProjectSection
EndProject
Project("{2150E333-8FDC-42A3-9474-1A3956D46DE8}") = "packages", "packages", "{809F86A1-1C4C-B159-0CD4-DF9D33D876CE}"
EndProject
Project("{2150E333-8FDC-42A3-9474-1A3956D46DE8}") = "Hexalith.Builds", "Hexalith.Builds", "{3B64DD0C-1F7E-FF74-B7CF-E67EB8113937}"
	ProjectSection(SolutionItems) = preProject
		Hexalith.Builds\.clinerules = Hexalith.Builds\.clinerules
		Hexalith.Builds\.cursorrules = Hexalith.Builds\.cursorrules
		Hexalith.Builds\.gitignore = Hexalith.Builds\.gitignore
		Hexalith.Builds\ai-assistant-instructions.md = Hexalith.Builds\ai-assistant-instructions.md
		Hexalith.Builds\ai-commit-prompt.md = Hexalith.Builds\ai-commit-prompt.md
		Hexalith.Builds\Hexalith.Build.props = Hexalith.Builds\Hexalith.Build.props
		Hexalith.Builds\Hexalith.globalconfig = Hexalith.Builds\Hexalith.globalconfig
		Hexalith.Builds\Hexalith.Package.props = Hexalith.Builds\Hexalith.Package.props
		Hexalith.Builds\icon.png = Hexalith.Builds\icon.png
		Hexalith.Builds\LICENSE = Hexalith.Builds\LICENSE
		Hexalith.Builds\package.json = Hexalith.Builds\package.json
		Hexalith.Builds\README.md = Hexalith.Builds\README.md
		Hexalith.Builds\stylecop.json = Hexalith.Builds\stylecop.json
	EndProjectSection
EndProject
Project("{2150E333-8FDC-42A3-9474-1A3956D46DE8}") = "Props", "Props", "{ACEC11B2-9E81-FF47-585D-69158486AF11}"
	ProjectSection(SolutionItems) = preProject
		Hexalith.Builds\Props\Directory.Packages.props = Hexalith.Builds\Props\Directory.Packages.props
		Hexalith.Builds\Props\Environment.Build.props = Hexalith.Builds\Props\Environment.Build.props
	EndProjectSection
EndProject
Project("{2150E333-8FDC-42A3-9474-1A3956D46DE8}") = "Samples", "Samples", "{E7207810-1119-FF2B-D42D-27CE324639FD}"
	ProjectSection(SolutionItems) = preProject
		Hexalith.Builds\Samples\Module.Directory.Build.props = Hexalith.Builds\Samples\Module.Directory.Build.props
		Hexalith.Builds\Samples\Module.Directory.Packages.props = Hexalith.Builds\Samples\Module.Directory.Packages.props
	EndProjectSection
EndProject
Project("{FAE04EC0-301F-11D3-BF4B-00C04F79EFBC}") = "Hexalith.KeyValueStorages.SimpleApp", "src\examples\Hexalith.KeyValueStorages.SimpleApp\Hexalith.KeyValueStorages.SimpleApp.csproj", "{FC19D9F5-20FE-5300-3FB9-8E1E46021F76}"
EndProject
Global
	GlobalSection(SolutionConfigurationPlatforms) = preSolution
		Debug|Any CPU = Debug|Any CPU
		Release|Any CPU = Release|Any CPU
	EndGlobalSection
	GlobalSection(ProjectConfigurationPlatforms) = postSolution
		{A0520529-37CD-4558-8D3C-119DB006D10D}.Debug|Any CPU.ActiveCfg = Debug|Any CPU
		{A0520529-37CD-4558-8D3C-119DB006D10D}.Debug|Any CPU.Build.0 = Debug|Any CPU
		{A0520529-37CD-4558-8D3C-119DB006D10D}.Release|Any CPU.ActiveCfg = Release|Any CPU
		{A0520529-37CD-4558-8D3C-119DB006D10D}.Release|Any CPU.Build.0 = Release|Any CPU
		{B5068DDD-806E-6AA3-7BC6-9ECEEF9653E3}.Debug|Any CPU.ActiveCfg = Debug|Any CPU
		{B5068DDD-806E-6AA3-7BC6-9ECEEF9653E3}.Debug|Any CPU.Build.0 = Debug|Any CPU
		{B5068DDD-806E-6AA3-7BC6-9ECEEF9653E3}.Release|Any CPU.ActiveCfg = Release|Any CPU
		{B5068DDD-806E-6AA3-7BC6-9ECEEF9653E3}.Release|Any CPU.Build.0 = Release|Any CPU
		{42083646-84F2-5900-550F-9C7CD4AA6D6D}.Debug|Any CPU.ActiveCfg = Debug|Any CPU
		{42083646-84F2-5900-550F-9C7CD4AA6D6D}.Debug|Any CPU.Build.0 = Debug|Any CPU
		{42083646-84F2-5900-550F-9C7CD4AA6D6D}.Release|Any CPU.ActiveCfg = Release|Any CPU
		{42083646-84F2-5900-550F-9C7CD4AA6D6D}.Release|Any CPU.Build.0 = Release|Any CPU
		{ED6F014F-E6B0-2E23-BB97-30B44F0519C6}.Debug|Any CPU.ActiveCfg = Debug|Any CPU
		{ED6F014F-E6B0-2E23-BB97-30B44F0519C6}.Debug|Any CPU.Build.0 = Debug|Any CPU
		{ED6F014F-E6B0-2E23-BB97-30B44F0519C6}.Release|Any CPU.ActiveCfg = Release|Any CPU
		{ED6F014F-E6B0-2E23-BB97-30B44F0519C6}.Release|Any CPU.Build.0 = Release|Any CPU
		{8936A432-2C7C-7D6F-CE9D-4376B05DB831}.Debug|Any CPU.ActiveCfg = Debug|Any CPU
		{8936A432-2C7C-7D6F-CE9D-4376B05DB831}.Debug|Any CPU.Build.0 = Debug|Any CPU
		{8936A432-2C7C-7D6F-CE9D-4376B05DB831}.Release|Any CPU.ActiveCfg = Release|Any CPU
		{8936A432-2C7C-7D6F-CE9D-4376B05DB831}.Release|Any CPU.Build.0 = Release|Any CPU
		{4F78D044-435A-C7C2-7F8D-3EB0781E5D04}.Debug|Any CPU.ActiveCfg = Debug|Any CPU
		{4F78D044-435A-C7C2-7F8D-3EB0781E5D04}.Debug|Any CPU.Build.0 = Debug|Any CPU
		{4F78D044-435A-C7C2-7F8D-3EB0781E5D04}.Release|Any CPU.ActiveCfg = Release|Any CPU
		{4F78D044-435A-C7C2-7F8D-3EB0781E5D04}.Release|Any CPU.Build.0 = Release|Any CPU
		{FC19D9F5-20FE-5300-3FB9-8E1E46021F76}.Debug|Any CPU.ActiveCfg = Debug|Any CPU
		{FC19D9F5-20FE-5300-3FB9-8E1E46021F76}.Debug|Any CPU.Build.0 = Debug|Any CPU
		{FC19D9F5-20FE-5300-3FB9-8E1E46021F76}.Release|Any CPU.ActiveCfg = Release|Any CPU
		{FC19D9F5-20FE-5300-3FB9-8E1E46021F76}.Release|Any CPU.Build.0 = Release|Any CPU
	EndGlobalSection
	GlobalSection(SolutionProperties) = preSolution
		HideSolutionNode = FALSE
	EndGlobalSection
	GlobalSection(NestedProjects) = preSolution
		{3929FBF6-EDA1-4CA7-8541-C460D0DCE449} = {02EA681E-C7D8-13C7-8484-4AC65E1B71E8}
		{A0520529-37CD-4558-8D3C-119DB006D10D} = {EDB74E69-759C-4EC4-911B-DF6D777A6CFA}
		{3E198984-7A1D-4A63-BB49-FCF1B9AA5EF2} = {2E1479EA-06ED-4A69-8F50-F17804066FA6}
		{7ECDCCA0-1CA1-446A-97EC-310AEEEAF184} = {2E1479EA-06ED-4A69-8F50-F17804066FA6}
		{2346D241-A9CB-4C17-A290-4617F2161376} = {2E1479EA-06ED-4A69-8F50-F17804066FA6}
		{B5068DDD-806E-6AA3-7BC6-9ECEEF9653E3} = {7ECDCCA0-1CA1-446A-97EC-310AEEEAF184}
		{42083646-84F2-5900-550F-9C7CD4AA6D6D} = {7ECDCCA0-1CA1-446A-97EC-310AEEEAF184}
		{ED6F014F-E6B0-2E23-BB97-30B44F0519C6} = {7ECDCCA0-1CA1-446A-97EC-310AEEEAF184}
		{8936A432-2C7C-7D6F-CE9D-4376B05DB831} = {7ECDCCA0-1CA1-446A-97EC-310AEEEAF184}
		{4F78D044-435A-C7C2-7F8D-3EB0781E5D04} = {3E198984-7A1D-4A63-BB49-FCF1B9AA5EF2}
		{EAFFAC48-00E0-46B3-BAD8-8BB859194988} = {F9B9A5B1-8090-40C2-B46F-F4083B72C8BC}
		{2F050AE5-92C2-4683-9470-9FE6AE592D76} = {EAFFAC48-00E0-46B3-BAD8-8BB859194988}
		{348B0ECC-4BE8-470B-9779-978FD5D1F1B6} = {EAFFAC48-00E0-46B3-BAD8-8BB859194988}
		{1AC3106A-A110-41AF-B850-82B34839B43A} = {EAFFAC48-00E0-46B3-BAD8-8BB859194988}
		{3B64DD0C-1F7E-FF74-B7CF-E67EB8113937} = {809F86A1-1C4C-B159-0CD4-DF9D33D876CE}
		{ACEC11B2-9E81-FF47-585D-69158486AF11} = {3B64DD0C-1F7E-FF74-B7CF-E67EB8113937}
		{E7207810-1119-FF2B-D42D-27CE324639FD} = {3B64DD0C-1F7E-FF74-B7CF-E67EB8113937}
		{FC19D9F5-20FE-5300-3FB9-8E1E46021F76} = {3E198984-7A1D-4A63-BB49-FCF1B9AA5EF2}
	EndGlobalSection
	GlobalSection(ExtensibilityGlobals) = postSolution
		SolutionGuid = {7B7376F4-B33A-4BC6-AFCA-C09B437568D7}
	EndGlobalSection
EndGlobal
